
Microsoft Visual Studio Solution File, Format Version 12.00
# Visual Studio Version 16
VisualStudioVersion = 16.0.29920.165
MinimumVisualStudioVersion = 10.0.40219.1
Project("{9A19103F-16F7-4668-BE54-9A1E7A4F7556}") = "CampaignModule", "CampaignModule\CampaignModule.csproj", "{7D0C20FB-6FE3-46DB-AB79-1C2146C43DE0}"
EndProject
Project("{9A19103F-16F7-4668-BE54-9A1E7A4F7556}") = "BusinessLogic", "BusinessLogic\BusinessLogic.csproj", "{855FAECE-21F9-444E-AC7E-002414582F0B}"
EndProject
Project("{9A19103F-16F7-4668-BE54-9A1E7A4F7556}") = "Database", "Database\Database.csproj", "{C68E309D-FF47-4E52-A7C4-322E479AAEB7}"
EndProject
Global
	GlobalSection(SolutionConfigurationPlatforms) = preSolution
		Debug|Any CPU = Debug|Any CPU
		Release|Any CPU = Release|Any CPU
	EndGlobalSection
	GlobalSection(ProjectConfigurationPlatforms) = postSolution
		{7D0C20FB-6FE3-46DB-AB79-1C2146C43DE0}.Debug|Any CPU.ActiveCfg = Debug|Any CPU
		{7D0C20FB-6FE3-46DB-AB79-1C2146C43DE0}.Debug|Any CPU.Build.0 = Debug|Any CPU
		{7D0C20FB-6FE3-46DB-AB79-1C2146C43DE0}.Release|Any CPU.ActiveCfg = Release|Any CPU
		{7D0C20FB-6FE3-46DB-AB79-1C2146C43DE0}.Release|Any CPU.Build.0 = Release|Any CPU
		{855FAECE-21F9-444E-AC7E-002414582F0B}.Debug|Any CPU.ActiveCfg = Debug|Any CPU
		{855FAECE-21F9-444E-AC7E-002414582F0B}.Debug|Any CPU.Build.0 = Debug|Any CPU
		{855FAECE-21F9-444E-AC7E-002414582F0B}.Release|Any CPU.ActiveCfg = Release|Any CPU
		{855FAECE-21F9-444E-AC7E-002414582F0B}.Release|Any CPU.Build.0 = Release|Any CPU
		{C68E309D-FF47-4E52-A7C4-322E479AAEB7}.Debug|Any CPU.ActiveCfg = Debug|Any CPU
		{C68E309D-FF47-4E52-A7C4-322E479AAEB7}.Debug|Any CPU.Build.0 = Debug|Any CPU
		{C68E309D-FF47-4E52-A7C4-322E479AAEB7}.Release|Any CPU.ActiveCfg = Release|Any CPU
		{C68E309D-FF47-4E52-A7C4-322E479AAEB7}.Release|Any CPU.Build.0 = Release|Any CPU
	EndGlobalSection
	GlobalSection(SolutionProperties) = preSolution
		HideSolutionNode = FALSE
	EndGlobalSection
	GlobalSection(ExtensibilityGlobals) = postSolution
		SolutionGuid = {014E78EF-EC25-4A8C-9707-1990573D7C0E}
	EndGlobalSection
EndGlobal
